
Microsoft Visual Studio Solution File, Format Version 12.00
# Visual Studio 14
VisualStudioVersion = 14.0.25420.1
MinimumVisualStudioVersion = 10.0.40219.1
Project("{FAE04EC0-301F-11D3-BF4B-00C04F79EFBC}") = "ShareFolderProgramm", "ShareFolderProgramm\ShareFolderProgramm.csproj", "{FA152F3F-1263-4768-8178-39CFF1EA3766}"
EndProject
Project("{FAE04EC0-301F-11D3-BF4B-00C04F79EFBC}") = "SharedFolderProgrammDll", "SharedFolderProgrammDll\SharedFolderProgrammDll.csproj", "{8EC6F4CC-47FA-4658-9B4B-780D9DBEA20A}"
EndProject
Global
	GlobalSection(SolutionConfigurationPlatforms) = preSolution
		Debug|Any CPU = Debug|Any CPU
		Release|Any CPU = Release|Any CPU
	EndGlobalSection
	GlobalSection(ProjectConfigurationPlatforms) = postSolution
		{FA152F3F-1263-4768-8178-39CFF1EA3766}.Debug|Any CPU.ActiveCfg = Debug|Any CPU
		{FA152F3F-1263-4768-8178-39CFF1EA3766}.Debug|Any CPU.Build.0 = Debug|Any CPU
		{FA152F3F-1263-4768-8178-39CFF1EA3766}.Release|Any CPU.ActiveCfg = Release|Any CPU
		{FA152F3F-1263-4768-8178-39CFF1EA3766}.Release|Any CPU.Build.0 = Release|Any CPU
		{8EC6F4CC-47FA-4658-9B4B-780D9DBEA20A}.Debug|Any CPU.ActiveCfg = Debug|Any CPU
		{8EC6F4CC-47FA-4658-9B4B-780D9DBEA20A}.Debug|Any CPU.Build.0 = Debug|Any CPU
		{8EC6F4CC-47FA-4658-9B4B-780D9DBEA20A}.Release|Any CPU.ActiveCfg = Release|Any CPU
		{8EC6F4CC-47FA-4658-9B4B-780D9DBEA20A}.Release|Any CPU.Build.0 = Release|Any CPU
	EndGlobalSection
	GlobalSection(SolutionProperties) = preSolution
		HideSolutionNode = FALSE
	EndGlobalSection
EndGlobal
